
Microsoft Visual Studio Solution File, Format Version 12.00
# Visual Studio Version 17
VisualStudioVersion = 17.2.32505.173
MinimumVisualStudioVersion = 10.0.40219.1
Project("{9A19103F-16F7-4668-BE54-9A1E7A4F7556}") = "Pet.Entities", "Pet.Entities\Pet.Entities.csproj", "{918CE93D-8424-4F54-939A-B7A329FF6D2E}"
EndProject
Project("{9A19103F-16F7-4668-BE54-9A1E7A4F7556}") = "Pet.AspNetCore", "Pet.AspNetCore\Pet.AspNetCore.csproj", "{096126F0-8DD4-490E-B65E-6E1FD23D01CA}"
EndProject
Project("{9A19103F-16F7-4668-BE54-9A1E7A4F7556}") = "Pet.DAL", "Pet.DAL\Pet.DAL.csproj", "{0E228BD7-B810-49C8-A167-0E1ED5514AE4}"
EndProject
Project("{FAE04EC0-301F-11D3-BF4B-00C04F79EFBC}") = "Pet.BL", "Pet.BL\Pet.BL.csproj", "{DA49557F-EB03-4408-8C9B-B56A1DA60685}"
EndProject
Project("{FAE04EC0-301F-11D3-BF4B-00C04F79EFBC}") = "Pet.WEB", "Pet.WEB\Pet.WEB.csproj", "{09A57353-1D39-446E-86CB-579F31F3F422}"
EndProject
Global
	GlobalSection(SolutionConfigurationPlatforms) = preSolution
		Debug|Any CPU = Debug|Any CPU
		Release|Any CPU = Release|Any CPU
	EndGlobalSection
	GlobalSection(ProjectConfigurationPlatforms) = postSolution
		{918CE93D-8424-4F54-939A-B7A329FF6D2E}.Debug|Any CPU.ActiveCfg = Debug|Any CPU
		{918CE93D-8424-4F54-939A-B7A329FF6D2E}.Debug|Any CPU.Build.0 = Debug|Any CPU
		{918CE93D-8424-4F54-939A-B7A329FF6D2E}.Release|Any CPU.ActiveCfg = Release|Any CPU
		{918CE93D-8424-4F54-939A-B7A329FF6D2E}.Release|Any CPU.Build.0 = Release|Any CPU
		{096126F0-8DD4-490E-B65E-6E1FD23D01CA}.Debug|Any CPU.ActiveCfg = Debug|Any CPU
		{096126F0-8DD4-490E-B65E-6E1FD23D01CA}.Debug|Any CPU.Build.0 = Debug|Any CPU
		{096126F0-8DD4-490E-B65E-6E1FD23D01CA}.Release|Any CPU.ActiveCfg = Release|Any CPU
		{096126F0-8DD4-490E-B65E-6E1FD23D01CA}.Release|Any CPU.Build.0 = Release|Any CPU
		{0E228BD7-B810-49C8-A167-0E1ED5514AE4}.Debug|Any CPU.ActiveCfg = Debug|Any CPU
		{0E228BD7-B810-49C8-A167-0E1ED5514AE4}.Debug|Any CPU.Build.0 = Debug|Any CPU
		{0E228BD7-B810-49C8-A167-0E1ED5514AE4}.Release|Any CPU.ActiveCfg = Release|Any CPU
		{0E228BD7-B810-49C8-A167-0E1ED5514AE4}.Release|Any CPU.Build.0 = Release|Any CPU
		{DA49557F-EB03-4408-8C9B-B56A1DA60685}.Debug|Any CPU.ActiveCfg = Debug|Any CPU
		{DA49557F-EB03-4408-8C9B-B56A1DA60685}.Debug|Any CPU.Build.0 = Debug|Any CPU
		{DA49557F-EB03-4408-8C9B-B56A1DA60685}.Release|Any CPU.ActiveCfg = Release|Any CPU
		{DA49557F-EB03-4408-8C9B-B56A1DA60685}.Release|Any CPU.Build.0 = Release|Any CPU
		{09A57353-1D39-446E-86CB-579F31F3F422}.Debug|Any CPU.ActiveCfg = Debug|Any CPU
		{09A57353-1D39-446E-86CB-579F31F3F422}.Debug|Any CPU.Build.0 = Debug|Any CPU
		{09A57353-1D39-446E-86CB-579F31F3F422}.Release|Any CPU.ActiveCfg = Release|Any CPU
		{09A57353-1D39-446E-86CB-579F31F3F422}.Release|Any CPU.Build.0 = Release|Any CPU
	EndGlobalSection
	GlobalSection(SolutionProperties) = preSolution
		HideSolutionNode = FALSE
	EndGlobalSection
	GlobalSection(ExtensibilityGlobals) = postSolution
		SolutionGuid = {C51669C3-A8B4-4B97-8CB2-091FC8A7EFE7}
	EndGlobalSection
EndGlobal
